// !$*UTF8*$!
{
	archiveVersion = 1;
	classes = {
	};
	objectVersion = 46;
	objects = {

/* Begin PBXBuildFile section */
		659C3B741B136A5E00066026 /* AppDelegate.swift in Sources */ = {isa = PBXBuildFile; fileRef = 659C3B731B136A5E00066026 /* AppDelegate.swift */; };
		659C3B761B136A5E00066026 /* ViewController.swift in Sources */ = {isa = PBXBuildFile; fileRef = 659C3B751B136A5E00066026 /* ViewController.swift */; };
		659C3B791B136A5E00066026 /* Main.storyboard in Resources */ = {isa = PBXBuildFile; fileRef = 659C3B771B136A5E00066026 /* Main.storyboard */; };
		659C3B7B1B136A5E00066026 /* Images.xcassets in Resources */ = {isa = PBXBuildFile; fileRef = 659C3B7A1B136A5E00066026 /* Images.xcassets */; };
		659C3B7E1B136A5E00066026 /* LaunchScreen.xib in Resources */ = {isa = PBXBuildFile; fileRef = 659C3B7C1B136A5E00066026 /* LaunchScreen.xib */; };
		659C3B8A1B136A5F00066026 /* TinderMechanicTests.swift in Sources */ = {isa = PBXBuildFile; fileRef = 659C3B891B136A5F00066026 /* TinderMechanicTests.swift */; };
		659C3B941B137E3400066026 /* Mario.jpg in Resources */ = {isa = PBXBuildFile; fileRef = 659C3B931B137E3400066026 /* Mario.jpg */; };
/* End PBXBuildFile section */

/* Begin PBXContainerItemProxy section */
		659C3B841B136A5F00066026 /* PBXContainerItemProxy */ = {
			isa = PBXContainerItemProxy;
			containerPortal = 659C3B661B136A5E00066026 /* Project object */;
			proxyType = 1;
			remoteGlobalIDString = 659C3B6D1B136A5E00066026;
			remoteInfo = TinderMechanic;
		};
/* End PBXContainerItemProxy section */

/* Begin PBXFileReference section */
		659C3B6E1B136A5E00066026 /* TinderMechanic.app */ = {isa = PBXFileReference; explicitFileType = wrapper.application; includeInIndex = 0; path = TinderMechanic.app; sourceTree = BUILT_PRODUCTS_DIR; };
		659C3B721B136A5E00066026 /* Info.plist */ = {isa = PBXFileReference; lastKnownFileType = text.plist.xml; path = Info.plist; sourceTree = "<group>"; };
		659C3B731B136A5E00066026 /* AppDelegate.swift */ = {isa = PBXFileReference; lastKnownFileType = sourcecode.swift; path = AppDelegate.swift; sourceTree = "<group>"; };
		659C3B751B136A5E00066026 /* ViewController.swift */ = {isa = PBXFileReference; lastKnownFileType = sourcecode.swift; path = ViewController.swift; sourceTree = "<group>"; };
		659C3B781B136A5E00066026 /* Base */ = {isa = PBXFileReference; lastKnownFileType = file.storyboard; name = Base; path = Base.lproj/Main.storyboard; sourceTree = "<group>"; };
		659C3B7A1B136A5E00066026 /* Images.xcassets */ = {isa = PBXFileReference; lastKnownFileType = folder.assetcatalog; path = Images.xcassets; sourceTree = "<group>"; };
		659C3B7D1B136A5E00066026 /* Base */ = {isa = PBXFileReference; lastKnownFileType = file.xib; name = Base; path = Base.lproj/LaunchScreen.xib; sourceTree = "<group>"; };
		659C3B831B136A5F00066026 /* TinderMechanicTests.xctest */ = {isa = PBXFileReference; explicitFileType = wrapper.cfbundle; includeInIndex = 0; path = TinderMechanicTests.xctest; sourceTree = BUILT_PRODUCTS_DIR; };
		659C3B881B136A5F00066026 /* Info.plist */ = {isa = PBXFileReference; lastKnownFileType = text.plist.xml; path = Info.plist; sourceTree = "<group>"; };
		659C3B891B136A5F00066026 /* TinderMechanicTests.swift */ = {isa = PBXFileReference; lastKnownFileType = sourcecode.swift; path = TinderMechanicTests.swift; sourceTree = "<group>"; };
		659C3B931B137E3400066026 /* Mario.jpg */ = {isa = PBXFileReference; lastKnownFileType = image.jpeg; path = Mario.jpg; sourceTree = "<group>"; };
/* End PBXFileReference section */

/* Begin PBXFrameworksBuildPhase section */
		659C3B6B1B136A5E00066026 /* Frameworks */ = {
			isa = PBXFrameworksBuildPhase;
			buildActionMask = 2147483647;
			files = (
			);
			runOnlyForDeploymentPostprocessing = 0;
		};
		659C3B801B136A5F00066026 /* Frameworks */ = {
			isa = PBXFrameworksBuildPhase;
			buildActionMask = 2147483647;
			files = (
			);
			runOnlyForDeploymentPostprocessing = 0;
		};
/* End PBXFrameworksBuildPhase section */

/* Begin PBXGroup section */
		659C3B651B136A5E00066026 = {
			isa = PBXGroup;
			children = (
				659C3B701B136A5E00066026 /* TinderMechanic */,
				659C3B861B136A5F00066026 /* TinderMechanicTests */,
				659C3B6F1B136A5E00066026 /* Products */,
			);
			sourceTree = "<group>";
		};
		659C3B6F1B136A5E00066026 /* Products */ = {
			isa = PBXGroup;
			children = (
				659C3B6E1B136A5E00066026 /* TinderMechanic.app */,
				659C3B831B136A5F00066026 /* TinderMechanicTests.xctest */,
			);
			name = Products;
			sourceTree = "<group>";
		};
		659C3B701B136A5E00066026 /* TinderMechanic */ = {
			isa = PBXGroup;
			children = (
				659C3B731B136A5E00066026 /* AppDelegate.swift */,
				659C3B751B136A5E00066026 /* ViewController.swift */,
				659C3B771B136A5E00066026 /* Main.storyboard */,
				659C3B7A1B136A5E00066026 /* Images.xcassets */,
				659C3B931B137E3400066026 /* Mario.jpg */,
				659C3B7C1B136A5E00066026 /* LaunchScreen.xib */,
				659C3B711B136A5E00066026 /* Supporting Files */,
			);
			path = TinderMechanic;
			sourceTree = "<group>";
		};
		659C3B711B136A5E00066026 /* Supporting Files */ = {
			isa = PBXGroup;
			children = (
				659C3B721B136A5E00066026 /* Info.plist */,
			);
			name = "Supporting Files";
			sourceTree = "<group>";
		};
		659C3B861B136A5F00066026 /* TinderMechanicTests */ = {
			isa = PBXGroup;
			children = (
				659C3B891B136A5F00066026 /* TinderMechanicTests.swift */,
				659C3B871B136A5F00066026 /* Supporting Files */,
			);
			path = TinderMechanicTests;
			sourceTree = "<group>";
		};
		659C3B871B136A5F00066026 /* Supporting Files */ = {
			isa = PBXGroup;
			children = (
				659C3B881B136A5F00066026 /* Info.plist */,
			);
			name = "Supporting Files";
			sourceTree = "<group>";
		};
/* End PBXGroup section */

/* Begin PBXNativeTarget section */
		659C3B6D1B136A5E00066026 /* TinderMechanic */ = {
			isa = PBXNativeTarget;
			buildConfigurationList = 659C3B8D1B136A5F00066026 /* Build configuration list for PBXNativeTarget "TinderMechanic" */;
			buildPhases = (
				659C3B6A1B136A5E00066026 /* Sources */,
				659C3B6B1B136A5E00066026 /* Frameworks */,
				659C3B6C1B136A5E00066026 /* Resources */,
			);
			buildRules = (
			);
			dependencies = (
			);
			name = TinderMechanic;
			productName = TinderMechanic;
			productReference = 659C3B6E1B136A5E00066026 /* TinderMechanic.app */;
			productType = "com.apple.product-type.application";
		};
		659C3B821B136A5F00066026 /* TinderMechanicTests */ = {
			isa = PBXNativeTarget;
			buildConfigurationList = 659C3B901B136A5F00066026 /* Build configuration list for PBXNativeTarget "TinderMechanicTests" */;
			buildPhases = (
				659C3B7F1B136A5F00066026 /* Sources */,
				659C3B801B136A5F00066026 /* Frameworks */,
				659C3B811B136A5F00066026 /* Resources */,
			);
			buildRules = (
			);
			dependencies = (
				659C3B851B136A5F00066026 /* PBXTargetDependency */,
			);
			name = TinderMechanicTests;
			productName = TinderMechanicTests;
			productReference = 659C3B831B136A5F00066026 /* TinderMechanicTests.xctest */;
			productType = "com.apple.product-type.bundle.unit-test";
		};
/* End PBXNativeTarget section */

/* Begin PBXProject section */
		659C3B661B136A5E00066026 /* Project object */ = {
			isa = PBXProject;
			attributes = {
				LastUpgradeCheck = 0630;
				ORGANIZATIONNAME = "Daniel Kwiatkowski";
				TargetAttributes = {
					659C3B6D1B136A5E00066026 = {
						CreatedOnToolsVersion = 6.3.2;
					};
					659C3B821B136A5F00066026 = {
						CreatedOnToolsVersion = 6.3.2;
						TestTargetID = 659C3B6D1B136A5E00066026;
					};
				};
			};
			buildConfigurationList = 659C3B691B136A5E00066026 /* Build configuration list for PBXProject "TinderMechanic" */;
			compatibilityVersion = "Xcode 3.2";
			developmentRegion = English;
			hasScannedForEncodings = 0;
			knownRegions = (
				en,
				Base,
			);
			mainGroup = 659C3B651B136A5E00066026;
			productRefGroup = 659C3B6F1B136A5E00066026 /* Products */;
			projectDirPath = "";
			projectRoot = "";
			targets = (
				659C3B6D1B136A5E00066026 /* TinderMechanic */,
				659C3B821B136A5F00066026 /* TinderMechanicTests */,
			);
		};
/* End PBXProject section */

/* Begin PBXResourcesBuildPhase section */
		659C3B6C1B136A5E00066026 /* Resources */ = {
			isa = PBXResourcesBuildPhase;
			buildActionMask = 2147483647;
			files = (
				659C3B941B137E3400066026 /* Mario.jpg in Resources */,
				659C3B791B136A5E00066026 /* Main.storyboard in Resources */,
				659C3B7E1B136A5E00066026 /* LaunchScreen.xib in Resources */,
				659C3B7B1B136A5E00066026 /* Images.xcassets in Resources */,
			);
			runOnlyForDeploymentPostprocessing = 0;
		};
		659C3B811B136A5F00066026 /* Resources */ = {
			isa = PBXResourcesBuildPhase;
			buildActionMask = 2147483647;
			files = (
			);
			runOnlyForDeploymentPostprocessing = 0;
		};
/* End PBXResourcesBuildPhase section */

/* Begin PBXSourcesBuildPhase section */
		659C3B6A1B136A5E00066026 /* Sources */ = {
			isa = PBXSourcesBuildPhase;
			buildActionMask = 2147483647;
			files = (
				659C3B761B136A5E00066026 /* ViewController.swift in Sources */,
				659C3B741B136A5E00066026 /* AppDelegate.swift in Sources */,
			);
			runOnlyForDeploymentPostprocessing = 0;
		};
		659C3B7F1B136A5F00066026 /* Sources */ = {
			isa = PBXSourcesBuildPhase;
			buildActionMask = 2147483647;
			files = (
				659C3B8A1B136A5F00066026 /* TinderMechanicTests.swift in Sources */,
			);
			runOnlyForDeploymentPostprocessing = 0;
		};
/* End PBXSourcesBuildPhase section */

/* Begin PBXTargetDependency section */
		659C3B851B136A5F00066026 /* PBXTargetDependency */ = {
			isa = PBXTargetDependency;
			target = 659C3B6D1B136A5E00066026 /* TinderMechanic */;
			targetProxy = 659C3B841B136A5F00066026 /* PBXContainerItemProxy */;
		};
/* End PBXTargetDependency section */

/* Begin PBXVariantGroup section */
		659C3B771B136A5E00066026 /* Main.storyboard */ = {
			isa = PBXVariantGroup;
			children = (
				659C3B781B136A5E00066026 /* Base */,
			);
			name = Main.storyboard;
			sourceTree = "<group>";
		};
		659C3B7C1B136A5E00066026 /* LaunchScreen.xib */ = {
			isa = PBXVariantGroup;
			children = (
				659C3B7D1B136A5E00066026 /* Base */,
			);
			name = LaunchScreen.xib;
			sourceTree = "<group>";
		};
/* End PBXVariantGroup section */

/* Begin XCBuildConfiguration section */
		659C3B8B1B136A5F00066026 /* Debug */ = {
			isa = XCBuildConfiguration;
			buildSettings = {
				ALWAYS_SEARCH_USER_PATHS = NO;
				CLANG_CXX_LANGUAGE_STANDARD = "gnu++0x";
				CLANG_CXX_LIBRARY = "libc++";
				CLANG_ENABLE_MODULES = YES;
				CLANG_ENABLE_OBJC_ARC = YES;
				CLANG_WARN_BOOL_CONVERSION = YES;
				CLANG_WARN_CONSTANT_CONVERSION = YES;
				CLANG_WARN_DIRECT_OBJC_ISA_USAGE = YES_ERROR;
				CLANG_WARN_EMPTY_BODY = YES;
				CLANG_WARN_ENUM_CONVERSION = YES;
				CLANG_WARN_INT_CONVERSION = YES;
				CLANG_WARN_OBJC_ROOT_CLASS = YES_ERROR;
				CLANG_WARN_UNREACHABLE_CODE = YES;
				CLANG_WARN__DUPLICATE_METHOD_MATCH = YES;
				"CODE_SIGN_IDENTITY[sdk=iphoneos*]" = "iPhone Developer";
				COPY_PHASE_STRIP = NO;
				DEBUG_INFORMATION_FORMAT = "dwarf-with-dsym";
				ENABLE_STRICT_OBJC_MSGSEND = YES;
				GCC_C_LANGUAGE_STANDARD = gnu99;
				GCC_DYNAMIC_NO_PIC = NO;
				GCC_NO_COMMON_BLOCKS = YES;
				GCC_OPTIMIZATION_LEVEL = 0;
				GCC_PREPROCESSOR_DEFINITIONS = (
					"DEBUG=1",
					"$(inherited)",
				);
				GCC_SYMBOLS_PRIVATE_EXTERN = NO;
				GCC_WARN_64_TO_32_BIT_CONVERSION = YES;
				GCC_WARN_ABOUT_RETURN_TYPE = YES_ERROR;
				GCC_WARN_UNDECLARED_SELECTOR = YES;
				GCC_WARN_UNINITIALIZED_AUTOS = YES_AGGRESSIVE;
				GCC_WARN_UNUSED_FUNCTION = YES;
				GCC_WARN_UNUSED_VARIABLE = YES;
				IPHONEOS_DEPLOYMENT_TARGET = 8.3;
				MTL_ENABLE_DEBUG_INFO = YES;
				ONLY_ACTIVE_ARCH = YES;
				SDKROOT = iphoneos;
				SWIFT_OPTIMIZATION_LEVEL = "-Onone";
			};
			name = Debug;
		};
		659C3B8C1B136A5F00066026 /* Release */ = {
			isa = XCBuildConfiguration;
			buildSettings = {
				ALWAYS_SEARCH_USER_PATHS = NO;
				CLANG_CXX_LANGUAGE_STANDARD = "gnu++0x";
				CLANG_CXX_LIBRARY = "libc++";
				CLANG_ENABLE_MODULES = YES;
				CLANG_ENABLE_OBJC_ARC = YES;
				CLANG_WARN_BOOL_CONVERSION = YES;
				CLANG_WARN_CONSTANT_CONVERSION = YES;
				CLANG_WARN_DIRECT_OBJC_ISA_USAGE = YES_ERROR;
				CLANG_WARN_EMPTY_BODY = YES;
				CLANG_WARN_ENUM_CONVERSION = YES;
				CLANG_WARN_INT_CONVERSION = YES;
				CLANG_WARN_OBJC_ROOT_CLASS = YES_ERROR;
				CLANG_WARN_UNREACHABLE_CODE = YES;
				CLANG_WARN__DUPLICATE_METHOD_MATCH = YES;
				"CODE_SIGN_IDENTITY[sdk=iphoneos*]" = "iPhone Developer";
				COPY_PHASE_STRIP = NO;
				DEBUG_INFORMATION_FORMAT = "dwarf-with-dsym";
				ENABLE_NS_ASSERTIONS = NO;
				ENABLE_STRICT_OBJC_MSGSEND = YES;
				GCC_C_LANGUAGE_STANDARD = gnu99;
				GCC_NO_COMMON_BLOCKS = YES;
				GCC_WARN_64_TO_32_BIT_CONVERSION = YES;
				GCC_WARN_ABOUT_RETURN_TYPE = YES_ERROR;
				GCC_WARN_UNDECLARED_SELECTOR = YES;
				GCC_WARN_UNINITIALIZED_AUTOS = YES_AGGRESSIVE;
				GCC_WARN_UNUSED_FUNCTION = YES;
				GCC_WARN_UNUSED_VARIABLE = YES;
				IPHONEOS_DEPLOYMENT_TARGET = 8.3;
				MTL_ENABLE_DEBUG_INFO = NO;
				SDKROOT = iphoneos;
				VALIDATE_PRODUCT = YES;
			};
			name = Release;
		};
		659C3B8E1B136A5F00066026 /* Debug */ = {
			isa = XCBuildConfiguration;
			buildSettings = {
				ASSETCATALOG_COMPILER_APPICON_NAME = AppIcon;
				INFOPLIST_FILE = TinderMechanic/Info.plist;
				LD_RUNPATH_SEARCH_PATHS = "$(inherited) @executable_path/Frameworks";
				PRODUCT_NAME = "$(TARGET_NAME)";
			};
			name = Debug;
		};
		659C3B8F1B136A5F00066026 /* Release */ = {
			isa = XCBuildConfiguration;
			buildSettings = {
				ASSETCATALOG_COMPILER_APPICON_NAME = AppIcon;
				INFOPLIST_FILE = TinderMechanic/Info.plist;
				LD_RUNPATH_SEARCH_PATHS = "$(inherited) @executable_path/Frameworks";
				PRODUCT_NAME = "$(TARGET_NAME)";
			};
			name = Release;
		};
		659C3B911B136A5F00066026 /* Debug */ = {
			isa = XCBuildConfiguration;
			buildSettings = {
				BUNDLE_LOADER = "$(TEST_HOST)";
				FRAMEWORK_SEARCH_PATHS = (
					"$(SDKROOT)/Developer/Library/Frameworks",
					"$(inherited)",
				);
				GCC_PREPROCESSOR_DEFINITIONS = (
					"DEBUG=1",
					"$(inherited)",
				);
				INFOPLIST_FILE = TinderMechanicTests/Info.plist;
				LD_RUNPATH_SEARCH_PATHS = "$(inherited) @executable_path/Frameworks @loader_path/Frameworks";
				PRODUCT_NAME = "$(TARGET_NAME)";
				TEST_HOST = "$(BUILT_PRODUCTS_DIR)/TinderMechanic.app/TinderMechanic";
			};
			name = Debug;
		};
		659C3B921B136A5F00066026 /* Release */ = {
			isa = XCBuildConfiguration;
			buildSettings = {
				BUNDLE_LOADER = "$(TEST_HOST)";
				FRAMEWORK_SEARCH_PATHS = (
					"$(SDKROOT)/Developer/Library/Frameworks",
					"$(inherited)",
				);
				INFOPLIST_FILE = TinderMechanicTests/Info.plist;
				LD_RUNPATH_SEARCH_PATHS = "$(inherited) @executable_path/Frameworks @loader_path/Frameworks";
				PRODUCT_NAME = "$(TARGET_NAME)";
				TEST_HOST = "$(BUILT_PRODUCTS_DIR)/TinderMechanic.app/TinderMechanic";
			};
			name = Release;
		};
/* End XCBuildConfiguration section */

/* Begin XCConfigurationList section */
		659C3B691B136A5E00066026 /* Build configuration list for PBXProject "TinderMechanic" */ = {
			isa = XCConfigurationList;
			buildConfigurations = (
				659C3B8B1B136A5F00066026 /* Debug */,
				659C3B8C1B136A5F00066026 /* Release */,
			);
			defaultConfigurationIsVisible = 0;
			defaultConfigurationName = Release;
		};
		659C3B8D1B136A5F00066026 /* Build configuration list for PBXNativeTarget "TinderMechanic" */ = {
			isa = XCConfigurationList;
			buildConfigurations = (
				659C3B8E1B136A5F00066026 /* Debug */,
				659C3B8F1B136A5F00066026 /* Release */,
			);
			defaultConfigurationIsVisible = 0;
		};
		659C3B901B136A5F00066026 /* Build configuration list for PBXNativeTarget "TinderMechanicTests" */ = {
			isa = XCConfigurationList;
			buildConfigurations = (
				659C3B911B136A5F00066026 /* Debug */,
				659C3B921B136A5F00066026 /* Release */,
			);
			defaultConfigurationIsVisible = 0;
		};
/* End XCConfigurationList section */
	};
	rootObject = 659C3B661B136A5E00066026 /* Project object */;
}
